// !$*UTF8*$!
{
	archiveVersion = 1;
	classes = {
	};
	objectVersion = 50;
	objects = {

/* Begin PBXBuildFile section */
		2333F969269745AB009240EC /* FriendsListViewController.swift in Sources */ = {isa = PBXBuildFile; fileRef = 2333F968269745AB009240EC /* FriendsListViewController.swift */; };
		2333F96C26974F16009240EC /* FriendsListTableViewCell.swift in Sources */ = {isa = PBXBuildFile; fileRef = 2333F96B26974F16009240EC /* FriendsListTableViewCell.swift */; };
		2344DE1426946C9400408540 /* BigFriendsTableViewCell.swift in Sources */ = {isa = PBXBuildFile; fileRef = 2344DE1326946C9400408540 /* BigFriendsTableViewCell.swift */; };
		2344DE18269475FA00408540 /* FriendPageViewController.swift in Sources */ = {isa = PBXBuildFile; fileRef = 2344DE17269475FA00408540 /* FriendPageViewController.swift */; };
		236FA3892694764900C982F3 /* Film.storyboard in Resources */ = {isa = PBXBuildFile; fileRef = 236FA3882694764900C982F3 /* Film.storyboard */; };
		23C898D52695D30300125489 /* Film.swift in Sources */ = {isa = PBXBuildFile; fileRef = 23C898D42695D30300125489 /* Film.swift */; };
		23C898DD2695D4A900125489 /* CheckListViewCell.swift in Sources */ = {isa = PBXBuildFile; fileRef = 23C898DC2695D4A900125489 /* CheckListViewCell.swift */; };
		23C898DF2695D4BE00125489 /* FilmViewController.swift in Sources */ = {isa = PBXBuildFile; fileRef = 23CBC62A26935DDA003DACDF /* FilmViewController.swift */; };
		23CBC61E269349CF003DACDF /* ChecklistCell.swift in Sources */ = {isa = PBXBuildFile; fileRef = 23CBC61D269349CF003DACDF /* ChecklistCell.swift */; };
		23CBC6242693503A003DACDF /* Database.swift in Sources */ = {isa = PBXBuildFile; fileRef = 23CBC6232693503A003DACDF /* Database.swift */; };
		23CBC627269352F1003DACDF /* User.swift in Sources */ = {isa = PBXBuildFile; fileRef = 23CBC626269352F1003DACDF /* User.swift */; };
		46A7E8D6269469A500BD6169 /* Rustem.storyboard in Resources */ = {isa = PBXBuildFile; fileRef = 46A7E8D5269469A500BD6169 /* Rustem.storyboard */; };
		46C2150A26933FB6007AE61D /* EditViewController.swift in Sources */ = {isa = PBXBuildFile; fileRef = 46C2150926933FB6007AE61D /* EditViewController.swift */; };
		D10F00132690D729004999B5 /* AppDelegate.swift in Sources */ = {isa = PBXBuildFile; fileRef = D10F00122690D729004999B5 /* AppDelegate.swift */; };
		D10F00152690D729004999B5 /* SceneDelegate.swift in Sources */ = {isa = PBXBuildFile; fileRef = D10F00142690D729004999B5 /* SceneDelegate.swift */; };
		D10F00172690D729004999B5 /* TabBarController.swift in Sources */ = {isa = PBXBuildFile; fileRef = D10F00162690D729004999B5 /* TabBarController.swift */; };
		D10F001A2690D729004999B5 /* Main.storyboard in Resources */ = {isa = PBXBuildFile; fileRef = D10F00182690D729004999B5 /* Main.storyboard */; };
		D10F001C2690D72A004999B5 /* Assets.xcassets in Resources */ = {isa = PBXBuildFile; fileRef = D10F001B2690D72A004999B5 /* Assets.xcassets */; };
		D10F001F2690D72A004999B5 /* LaunchScreen.storyboard in Resources */ = {isa = PBXBuildFile; fileRef = D10F001D2690D72A004999B5 /* LaunchScreen.storyboard */; };
		D10F002E2690D846004999B5 /* Andrey.storyboard in Resources */ = {isa = PBXBuildFile; fileRef = D10F002D2690D846004999B5 /* Andrey.storyboard */; };
		D10F00302690D84C004999B5 /* Alina.storyboard in Resources */ = {isa = PBXBuildFile; fileRef = D10F002F2690D84C004999B5 /* Alina.storyboard */; };
		D10F00322690D852004999B5 /* Alsu.storyboard in Resources */ = {isa = PBXBuildFile; fileRef = D10F00312690D852004999B5 /* Alsu.storyboard */; };
		D10F00342690D85C004999B5 /* Lilya.storyboard in Resources */ = {isa = PBXBuildFile; fileRef = D10F00332690D85C004999B5 /* Lilya.storyboard */; };
		D10F003A2690DC86004999B5 /* RustemViewController.swift in Sources */ = {isa = PBXBuildFile; fileRef = D10F00392690DC86004999B5 /* RustemViewController.swift */; };
		D10F003C2690DC8A004999B5 /* ChecklistViewController.swift in Sources */ = {isa = PBXBuildFile; fileRef = D10F003B2690DC8A004999B5 /* ChecklistViewController.swift */; };
		D10F003E2690DC8E004999B5 /* AlinaViewController.swift in Sources */ = {isa = PBXBuildFile; fileRef = D10F003D2690DC8E004999B5 /* AlinaViewController.swift */; };
		D10F00402690DC92004999B5 /* AlsuViewController.swift in Sources */ = {isa = PBXBuildFile; fileRef = D10F003F2690DC92004999B5 /* AlsuViewController.swift */; };
		D10F00422690DC97004999B5 /* LilyaViewController.swift in Sources */ = {isa = PBXBuildFile; fileRef = D10F00412690DC97004999B5 /* LilyaViewController.swift */; };
/* End PBXBuildFile section */

/* Begin PBXFileReference section */
		2333F968269745AB009240EC /* FriendsListViewController.swift */ = {isa = PBXFileReference; lastKnownFileType = sourcecode.swift; path = FriendsListViewController.swift; sourceTree = "<group>"; };
		2333F96B26974F16009240EC /* FriendsListTableViewCell.swift */ = {isa = PBXFileReference; lastKnownFileType = sourcecode.swift; path = FriendsListTableViewCell.swift; sourceTree = "<group>"; };
		2344DE1326946C9400408540 /* BigFriendsTableViewCell.swift */ = {isa = PBXFileReference; lastKnownFileType = sourcecode.swift; path = BigFriendsTableViewCell.swift; sourceTree = "<group>"; };
		2344DE17269475FA00408540 /* FriendPageViewController.swift */ = {isa = PBXFileReference; lastKnownFileType = sourcecode.swift; path = FriendPageViewController.swift; sourceTree = "<group>"; };
		236FA3882694764900C982F3 /* Film.storyboard */ = {isa = PBXFileReference; lastKnownFileType = file.storyboard; path = Film.storyboard; sourceTree = "<group>"; };
		23C898D42695D30300125489 /* Film.swift */ = {isa = PBXFileReference; lastKnownFileType = sourcecode.swift; path = Film.swift; sourceTree = "<group>"; };
		23C898DC2695D4A900125489 /* CheckListViewCell.swift */ = {isa = PBXFileReference; fileEncoding = 4; lastKnownFileType = sourcecode.swift; path = CheckListViewCell.swift; sourceTree = "<group>"; };
		23CBC61D269349CF003DACDF /* ChecklistCell.swift */ = {isa = PBXFileReference; lastKnownFileType = sourcecode.swift; path = ChecklistCell.swift; sourceTree = "<group>"; };
		23CBC6232693503A003DACDF /* Database.swift */ = {isa = PBXFileReference; lastKnownFileType = sourcecode.swift; path = Database.swift; sourceTree = "<group>"; };
		23CBC626269352F1003DACDF /* User.swift */ = {isa = PBXFileReference; lastKnownFileType = sourcecode.swift; path = User.swift; sourceTree = "<group>"; };
		23CBC62A26935DDA003DACDF /* FilmViewController.swift */ = {isa = PBXFileReference; lastKnownFileType = sourcecode.swift; path = FilmViewController.swift; sourceTree = "<group>"; };
		46A7E8D3269467F400BD6169 /* Film.swift */ = {isa = PBXFileReference; lastKnownFileType = sourcecode.swift; path = Film.swift; sourceTree = "<group>"; };
		46A7E8D5269469A500BD6169 /* Rustem.storyboard */ = {isa = PBXFileReference; fileEncoding = 4; lastKnownFileType = file.storyboard; path = Rustem.storyboard; sourceTree = "<group>"; };
		46C2150926933FB6007AE61D /* EditViewController.swift */ = {isa = PBXFileReference; lastKnownFileType = sourcecode.swift; path = EditViewController.swift; sourceTree = "<group>"; };
		D10F000F2690D729004999B5 /* SummerPracticeiOS2021.app */ = {isa = PBXFileReference; explicitFileType = wrapper.application; includeInIndex = 0; path = SummerPracticeiOS2021.app; sourceTree = BUILT_PRODUCTS_DIR; };
		D10F00122690D729004999B5 /* AppDelegate.swift */ = {isa = PBXFileReference; lastKnownFileType = sourcecode.swift; path = AppDelegate.swift; sourceTree = "<group>"; };
		D10F00142690D729004999B5 /* SceneDelegate.swift */ = {isa = PBXFileReference; lastKnownFileType = sourcecode.swift; path = SceneDelegate.swift; sourceTree = "<group>"; };
		D10F00162690D729004999B5 /* TabBarController.swift */ = {isa = PBXFileReference; lastKnownFileType = sourcecode.swift; path = TabBarController.swift; sourceTree = "<group>"; };
		D10F00192690D729004999B5 /* Base */ = {isa = PBXFileReference; lastKnownFileType = file.storyboard; name = Base; path = Base.lproj/Main.storyboard; sourceTree = "<group>"; };
		D10F001B2690D72A004999B5 /* Assets.xcassets */ = {isa = PBXFileReference; lastKnownFileType = folder.assetcatalog; path = Assets.xcassets; sourceTree = "<group>"; };
		D10F001E2690D72A004999B5 /* Base */ = {isa = PBXFileReference; lastKnownFileType = file.storyboard; name = Base; path = Base.lproj/LaunchScreen.storyboard; sourceTree = "<group>"; };
		D10F00202690D72A004999B5 /* Info.plist */ = {isa = PBXFileReference; lastKnownFileType = text.plist.xml; path = Info.plist; sourceTree = "<group>"; };
		D10F002D2690D846004999B5 /* Andrey.storyboard */ = {isa = PBXFileReference; lastKnownFileType = file.storyboard; path = Andrey.storyboard; sourceTree = "<group>"; };
		D10F002F2690D84C004999B5 /* Alina.storyboard */ = {isa = PBXFileReference; lastKnownFileType = file.storyboard; path = Alina.storyboard; sourceTree = "<group>"; };
		D10F00312690D852004999B5 /* Alsu.storyboard */ = {isa = PBXFileReference; lastKnownFileType = file.storyboard; path = Alsu.storyboard; sourceTree = "<group>"; };
		D10F00332690D85C004999B5 /* Lilya.storyboard */ = {isa = PBXFileReference; lastKnownFileType = file.storyboard; path = Lilya.storyboard; sourceTree = "<group>"; };
		D10F00392690DC86004999B5 /* RustemViewController.swift */ = {isa = PBXFileReference; lastKnownFileType = sourcecode.swift; path = RustemViewController.swift; sourceTree = "<group>"; };
		D10F003B2690DC8A004999B5 /* ChecklistViewController.swift */ = {isa = PBXFileReference; lastKnownFileType = sourcecode.swift; path = ChecklistViewController.swift; sourceTree = "<group>"; };
		D10F003D2690DC8E004999B5 /* AlinaViewController.swift */ = {isa = PBXFileReference; lastKnownFileType = sourcecode.swift; path = AlinaViewController.swift; sourceTree = "<group>"; };
		D10F003F2690DC92004999B5 /* AlsuViewController.swift */ = {isa = PBXFileReference; lastKnownFileType = sourcecode.swift; path = AlsuViewController.swift; sourceTree = "<group>"; };
		D10F00412690DC97004999B5 /* LilyaViewController.swift */ = {isa = PBXFileReference; lastKnownFileType = sourcecode.swift; path = LilyaViewController.swift; sourceTree = "<group>"; };
/* End PBXFileReference section */

/* Begin PBXFrameworksBuildPhase section */
		D10F000C2690D729004999B5 /* Frameworks */ = {
			isa = PBXFrameworksBuildPhase;
			buildActionMask = 2147483647;
			files = (
			);
			runOnlyForDeploymentPostprocessing = 0;
		};
/* End PBXFrameworksBuildPhase section */

/* Begin PBXGroup section */
		23C898D12695D22300125489 /* Recovered References */ = {
			isa = PBXGroup;
			children = (
				46A7E8D3269467F400BD6169 /* Film.swift */,
			);
			name = "Recovered References";
			sourceTree = "<group>";
		};
		23CBC61826933934003DACDF /* Model */ = {
			isa = PBXGroup;
			children = (
				23CBC61D269349CF003DACDF /* ChecklistCell.swift */,
				23C898D42695D30300125489 /* Film.swift */,
				23CBC6232693503A003DACDF /* Database.swift */,
				23CBC626269352F1003DACDF /* User.swift */,
				236FA3882694764900C982F3 /* Film.storyboard */,
				23CBC62A26935DDA003DACDF /* FilmViewController.swift */,
			);
			path = Model;
			sourceTree = "<group>";
		};
		D10F00062690D729004999B5 = {
			isa = PBXGroup;
			children = (
				D10F00112690D729004999B5 /* SummerPracticeiOS2021 */,
				D10F00102690D729004999B5 /* Products */,
				23C898D12695D22300125489 /* Recovered References */,
			);
			sourceTree = "<group>";
		};
		D10F00102690D729004999B5 /* Products */ = {
			isa = PBXGroup;
			children = (
				D10F000F2690D729004999B5 /* SummerPracticeiOS2021.app */,
			);
			name = Products;
			sourceTree = "<group>";
		};
		D10F00112690D729004999B5 /* SummerPracticeiOS2021 */ = {
			isa = PBXGroup;
			children = (
				23CBC61826933934003DACDF /* Model */,
				D10F002A2690D82D004999B5 /* Rustem */,
				D10F00292690D81E004999B5 /* Andrey */,
				D10F00282690D814004999B5 /* Alina */,
				D10F00272690D801004999B5 /* Alsu */,
				D10F00262690D7F6004999B5 /* Lilya */,
				D10F00382690D91F004999B5 /* Helpers */,
				D10F00352690D863004999B5 /* Main */,
				D10F001B2690D72A004999B5 /* Assets.xcassets */,
				D10F001D2690D72A004999B5 /* LaunchScreen.storyboard */,
				D10F00202690D72A004999B5 /* Info.plist */,
			);
			path = SummerPracticeiOS2021;
			sourceTree = "<group>";
		};
		D10F00262690D7F6004999B5 /* Lilya */ = {
			isa = PBXGroup;
			children = (
				D10F00332690D85C004999B5 /* Lilya.storyboard */,
				2344DE17269475FA00408540 /* FriendPageViewController.swift */,
				D10F00412690DC97004999B5 /* LilyaViewController.swift */,
				2344DE1326946C9400408540 /* BigFriendsTableViewCell.swift */,
				2333F968269745AB009240EC /* FriendsListViewController.swift */,
				2333F96B26974F16009240EC /* FriendsListTableViewCell.swift */,
			);
			path = Lilya;
			sourceTree = "<group>";
		};
		D10F00272690D801004999B5 /* Alsu */ = {
			isa = PBXGroup;
			children = (
				D10F00312690D852004999B5 /* Alsu.storyboard */,
				D10F003F2690DC92004999B5 /* AlsuViewController.swift */,
			);
			path = Alsu;
			sourceTree = "<group>";
		};
		D10F00282690D814004999B5 /* Alina */ = {
			isa = PBXGroup;
			children = (
				D10F002F2690D84C004999B5 /* Alina.storyboard */,
				D10F003D2690DC8E004999B5 /* AlinaViewController.swift */,
			);
			path = Alina;
			sourceTree = "<group>";
		};
		D10F00292690D81E004999B5 /* Andrey */ = {
			isa = PBXGroup;
			children = (
				23C898DC2695D4A900125489 /* CheckListViewCell.swift */,
				D10F002D2690D846004999B5 /* Andrey.storyboard */,
				D10F003B2690DC8A004999B5 /* ChecklistViewController.swift */,
			);
			path = Andrey;
			sourceTree = "<group>";
		};
		D10F002A2690D82D004999B5 /* Rustem */ = {
			isa = PBXGroup;
			children = (
				46A7E8D5269469A500BD6169 /* Rustem.storyboard */,
				D10F00392690DC86004999B5 /* RustemViewController.swift */,
				46C2150926933FB6007AE61D /* EditViewController.swift */,
			);
			path = Rustem;
			sourceTree = "<group>";
		};
		D10F00352690D863004999B5 /* Main */ = {
			isa = PBXGroup;
			children = (
				D10F00162690D729004999B5 /* TabBarController.swift */,
				D10F00182690D729004999B5 /* Main.storyboard */,
			);
			path = Main;
			sourceTree = "<group>";
		};
		D10F00382690D91F004999B5 /* Helpers */ = {
			isa = PBXGroup;
			children = (
				D10F00122690D729004999B5 /* AppDelegate.swift */,
				D10F00142690D729004999B5 /* SceneDelegate.swift */,
			);
			path = Helpers;
			sourceTree = "<group>";
		};
/* End PBXGroup section */

/* Begin PBXNativeTarget section */
		D10F000E2690D729004999B5 /* SummerPracticeiOS2021 */ = {
			isa = PBXNativeTarget;
			buildConfigurationList = D10F00232690D72A004999B5 /* Build configuration list for PBXNativeTarget "SummerPracticeiOS2021" */;
			buildPhases = (
				D10F000B2690D729004999B5 /* Sources */,
				D10F000C2690D729004999B5 /* Frameworks */,
				D10F000D2690D729004999B5 /* Resources */,
			);
			buildRules = (
			);
			dependencies = (
			);
			name = SummerPracticeiOS2021;
			productName = SummerPracticeiOS2021;
			productReference = D10F000F2690D729004999B5 /* SummerPracticeiOS2021.app */;
			productType = "com.apple.product-type.application";
		};
/* End PBXNativeTarget section */

/* Begin PBXProject section */
		D10F00072690D729004999B5 /* Project object */ = {
			isa = PBXProject;
			attributes = {
				LastSwiftUpdateCheck = 1250;
				LastUpgradeCheck = 1250;
				TargetAttributes = {
					D10F000E2690D729004999B5 = {
						CreatedOnToolsVersion = 12.5.1;
					};
				};
			};
			buildConfigurationList = D10F000A2690D729004999B5 /* Build configuration list for PBXProject "SummerPracticeiOS2021" */;
			compatibilityVersion = "Xcode 9.3";
			developmentRegion = en;
			hasScannedForEncodings = 0;
			knownRegions = (
				en,
				Base,
			);
			mainGroup = D10F00062690D729004999B5;
			productRefGroup = D10F00102690D729004999B5 /* Products */;
			projectDirPath = "";
			projectRoot = "";
			targets = (
				D10F000E2690D729004999B5 /* SummerPracticeiOS2021 */,
			);
		};
/* End PBXProject section */

/* Begin PBXResourcesBuildPhase section */
		D10F000D2690D729004999B5 /* Resources */ = {
			isa = PBXResourcesBuildPhase;
			buildActionMask = 2147483647;
			files = (
				46A7E8D6269469A500BD6169 /* Rustem.storyboard in Resources */,
				D10F00302690D84C004999B5 /* Alina.storyboard in Resources */,
				D10F00342690D85C004999B5 /* Lilya.storyboard in Resources */,
				D10F001F2690D72A004999B5 /* LaunchScreen.storyboard in Resources */,
				D10F001C2690D72A004999B5 /* Assets.xcassets in Resources */,
				236FA3892694764900C982F3 /* Film.storyboard in Resources */,
				D10F00322690D852004999B5 /* Alsu.storyboard in Resources */,
				D10F002E2690D846004999B5 /* Andrey.storyboard in Resources */,
				D10F001A2690D729004999B5 /* Main.storyboard in Resources */,
			);
			runOnlyForDeploymentPostprocessing = 0;
		};
/* End PBXResourcesBuildPhase section */

/* Begin PBXSourcesBuildPhase section */
		D10F000B2690D729004999B5 /* Sources */ = {
			isa = PBXSourcesBuildPhase;
			buildActionMask = 2147483647;
			files = (
				23CBC627269352F1003DACDF /* User.swift in Sources */,
				D10F003E2690DC8E004999B5 /* AlinaViewController.swift in Sources */,
				D10F003C2690DC8A004999B5 /* ChecklistViewController.swift in Sources */,
				23CBC61E269349CF003DACDF /* ChecklistCell.swift in Sources */,
				2333F969269745AB009240EC /* FriendsListViewController.swift in Sources */,
				2344DE1426946C9400408540 /* BigFriendsTableViewCell.swift in Sources */,
				D10F00172690D729004999B5 /* TabBarController.swift in Sources */,
				23C898DD2695D4A900125489 /* CheckListViewCell.swift in Sources */,
				D10F00132690D729004999B5 /* AppDelegate.swift in Sources */,
				23CBC6242693503A003DACDF /* Database.swift in Sources */,
				D10F00402690DC92004999B5 /* AlsuViewController.swift in Sources */,
				D10F003A2690DC86004999B5 /* RustemViewController.swift in Sources */,
				D10F00422690DC97004999B5 /* LilyaViewController.swift in Sources */,
				2344DE18269475FA00408540 /* FriendPageViewController.swift in Sources */,
				D10F00152690D729004999B5 /* SceneDelegate.swift in Sources */,
				46C2150A26933FB6007AE61D /* EditViewController.swift in Sources */,
				2333F96C26974F16009240EC /* FriendsListTableViewCell.swift in Sources */,
				23C898DF2695D4BE00125489 /* FilmViewController.swift in Sources */,
				23C898D52695D30300125489 /* Film.swift in Sources */,
			);
			runOnlyForDeploymentPostprocessing = 0;
		};
/* End PBXSourcesBuildPhase section */

/* Begin PBXVariantGroup section */
		D10F00182690D729004999B5 /* Main.storyboard */ = {
			isa = PBXVariantGroup;
			children = (
				D10F00192690D729004999B5 /* Base */,
			);
			name = Main.storyboard;
			sourceTree = "<group>";
		};
		D10F001D2690D72A004999B5 /* LaunchScreen.storyboard */ = {
			isa = PBXVariantGroup;
			children = (
				D10F001E2690D72A004999B5 /* Base */,
			);
			name = LaunchScreen.storyboard;
			sourceTree = "<group>";
		};
/* End PBXVariantGroup section */

/* Begin XCBuildConfiguration section */
		D10F00212690D72A004999B5 /* Debug */ = {
			isa = XCBuildConfiguration;
			buildSettings = {
				ALWAYS_SEARCH_USER_PATHS = NO;
				CLANG_ANALYZER_NONNULL = YES;
				CLANG_ANALYZER_NUMBER_OBJECT_CONVERSION = YES_AGGRESSIVE;
				CLANG_CXX_LANGUAGE_STANDARD = "gnu++14";
				CLANG_CXX_LIBRARY = "libc++";
				CLANG_ENABLE_MODULES = YES;
				CLANG_ENABLE_OBJC_ARC = YES;
				CLANG_ENABLE_OBJC_WEAK = YES;
				CLANG_WARN_BLOCK_CAPTURE_AUTORELEASING = YES;
				CLANG_WARN_BOOL_CONVERSION = YES;
				CLANG_WARN_COMMA = YES;
				CLANG_WARN_CONSTANT_CONVERSION = YES;
				CLANG_WARN_DEPRECATED_OBJC_IMPLEMENTATIONS = YES;
				CLANG_WARN_DIRECT_OBJC_ISA_USAGE = YES_ERROR;
				CLANG_WARN_DOCUMENTATION_COMMENTS = YES;
				CLANG_WARN_EMPTY_BODY = YES;
				CLANG_WARN_ENUM_CONVERSION = YES;
				CLANG_WARN_INFINITE_RECURSION = YES;
				CLANG_WARN_INT_CONVERSION = YES;
				CLANG_WARN_NON_LITERAL_NULL_CONVERSION = YES;
				CLANG_WARN_OBJC_IMPLICIT_RETAIN_SELF = YES;
				CLANG_WARN_OBJC_LITERAL_CONVERSION = YES;
				CLANG_WARN_OBJC_ROOT_CLASS = YES_ERROR;
				CLANG_WARN_QUOTED_INCLUDE_IN_FRAMEWORK_HEADER = YES;
				CLANG_WARN_RANGE_LOOP_ANALYSIS = YES;
				CLANG_WARN_STRICT_PROTOTYPES = YES;
				CLANG_WARN_SUSPICIOUS_MOVE = YES;
				CLANG_WARN_UNGUARDED_AVAILABILITY = YES_AGGRESSIVE;
				CLANG_WARN_UNREACHABLE_CODE = YES;
				CLANG_WARN__DUPLICATE_METHOD_MATCH = YES;
				COPY_PHASE_STRIP = NO;
				DEBUG_INFORMATION_FORMAT = dwarf;
				ENABLE_STRICT_OBJC_MSGSEND = YES;
				ENABLE_TESTABILITY = YES;
				GCC_C_LANGUAGE_STANDARD = gnu11;
				GCC_DYNAMIC_NO_PIC = NO;
				GCC_NO_COMMON_BLOCKS = YES;
				GCC_OPTIMIZATION_LEVEL = 0;
				GCC_PREPROCESSOR_DEFINITIONS = (
					"DEBUG=1",
					"$(inherited)",
				);
				GCC_WARN_64_TO_32_BIT_CONVERSION = YES;
				GCC_WARN_ABOUT_RETURN_TYPE = YES_ERROR;
				GCC_WARN_UNDECLARED_SELECTOR = YES;
				GCC_WARN_UNINITIALIZED_AUTOS = YES_AGGRESSIVE;
				GCC_WARN_UNUSED_FUNCTION = YES;
				GCC_WARN_UNUSED_VARIABLE = YES;
				IPHONEOS_DEPLOYMENT_TARGET = 14.5;
				MTL_ENABLE_DEBUG_INFO = INCLUDE_SOURCE;
				MTL_FAST_MATH = YES;
				ONLY_ACTIVE_ARCH = YES;
				SDKROOT = iphoneos;
				SWIFT_ACTIVE_COMPILATION_CONDITIONS = DEBUG;
				SWIFT_OPTIMIZATION_LEVEL = "-Onone";
			};
			name = Debug;
		};
		D10F00222690D72A004999B5 /* Release */ = {
			isa = XCBuildConfiguration;
			buildSettings = {
				ALWAYS_SEARCH_USER_PATHS = NO;
				CLANG_ANALYZER_NONNULL = YES;
				CLANG_ANALYZER_NUMBER_OBJECT_CONVERSION = YES_AGGRESSIVE;
				CLANG_CXX_LANGUAGE_STANDARD = "gnu++14";
				CLANG_CXX_LIBRARY = "libc++";
				CLANG_ENABLE_MODULES = YES;
				CLANG_ENABLE_OBJC_ARC = YES;
				CLANG_ENABLE_OBJC_WEAK = YES;
				CLANG_WARN_BLOCK_CAPTURE_AUTORELEASING = YES;
				CLANG_WARN_BOOL_CONVERSION = YES;
				CLANG_WARN_COMMA = YES;
				CLANG_WARN_CONSTANT_CONVERSION = YES;
				CLANG_WARN_DEPRECATED_OBJC_IMPLEMENTATIONS = YES;
				CLANG_WARN_DIRECT_OBJC_ISA_USAGE = YES_ERROR;
				CLANG_WARN_DOCUMENTATION_COMMENTS = YES;
				CLANG_WARN_EMPTY_BODY = YES;
				CLANG_WARN_ENUM_CONVERSION = YES;
				CLANG_WARN_INFINITE_RECURSION = YES;
				CLANG_WARN_INT_CONVERSION = YES;
				CLANG_WARN_NON_LITERAL_NULL_CONVERSION = YES;
				CLANG_WARN_OBJC_IMPLICIT_RETAIN_SELF = YES;
				CLANG_WARN_OBJC_LITERAL_CONVERSION = YES;
				CLANG_WARN_OBJC_ROOT_CLASS = YES_ERROR;
				CLANG_WARN_QUOTED_INCLUDE_IN_FRAMEWORK_HEADER = YES;
				CLANG_WARN_RANGE_LOOP_ANALYSIS = YES;
				CLANG_WARN_STRICT_PROTOTYPES = YES;
				CLANG_WARN_SUSPICIOUS_MOVE = YES;
				CLANG_WARN_UNGUARDED_AVAILABILITY = YES_AGGRESSIVE;
				CLANG_WARN_UNREACHABLE_CODE = YES;
				CLANG_WARN__DUPLICATE_METHOD_MATCH = YES;
				COPY_PHASE_STRIP = NO;
				DEBUG_INFORMATION_FORMAT = "dwarf-with-dsym";
				ENABLE_NS_ASSERTIONS = NO;
				ENABLE_STRICT_OBJC_MSGSEND = YES;
				GCC_C_LANGUAGE_STANDARD = gnu11;
				GCC_NO_COMMON_BLOCKS = YES;
				GCC_WARN_64_TO_32_BIT_CONVERSION = YES;
				GCC_WARN_ABOUT_RETURN_TYPE = YES_ERROR;
				GCC_WARN_UNDECLARED_SELECTOR = YES;
				GCC_WARN_UNINITIALIZED_AUTOS = YES_AGGRESSIVE;
				GCC_WARN_UNUSED_FUNCTION = YES;
				GCC_WARN_UNUSED_VARIABLE = YES;
				IPHONEOS_DEPLOYMENT_TARGET = 14.5;
				MTL_ENABLE_DEBUG_INFO = NO;
				MTL_FAST_MATH = YES;
				SDKROOT = iphoneos;
				SWIFT_COMPILATION_MODE = wholemodule;
				SWIFT_OPTIMIZATION_LEVEL = "-O";
				VALIDATE_PRODUCT = YES;
			};
			name = Release;
		};
		D10F00242690D72A004999B5 /* Debug */ = {
			isa = XCBuildConfiguration;
			buildSettings = {
				ASSETCATALOG_COMPILER_APPICON_NAME = AppIcon;
				ASSETCATALOG_COMPILER_GLOBAL_ACCENT_COLOR_NAME = AccentColor;
				CODE_SIGN_STYLE = Automatic;
				INFOPLIST_FILE = SummerPracticeiOS2021/Info.plist;
				IPHONEOS_DEPLOYMENT_TARGET = 14.0;
				LD_RUNPATH_SEARCH_PATHS = (
					"$(inherited)",
					"@executable_path/Frameworks",
				);
				PRODUCT_BUNDLE_IDENTIFIER = com.itis.SummerPracticeiOS2021;
				PRODUCT_NAME = "$(TARGET_NAME)";
				SWIFT_VERSION = 5.0;
				TARGETED_DEVICE_FAMILY = "1,2";
			};
			name = Debug;
		};
		D10F00252690D72A004999B5 /* Release */ = {
			isa = XCBuildConfiguration;
			buildSettings = {
				ASSETCATALOG_COMPILER_APPICON_NAME = AppIcon;
				ASSETCATALOG_COMPILER_GLOBAL_ACCENT_COLOR_NAME = AccentColor;
				CODE_SIGN_STYLE = Automatic;
				INFOPLIST_FILE = SummerPracticeiOS2021/Info.plist;
				IPHONEOS_DEPLOYMENT_TARGET = 14.0;
				LD_RUNPATH_SEARCH_PATHS = (
					"$(inherited)",
					"@executable_path/Frameworks",
				);
				PRODUCT_BUNDLE_IDENTIFIER = com.itis.SummerPracticeiOS2021;
				PRODUCT_NAME = "$(TARGET_NAME)";
				SWIFT_VERSION = 5.0;
				TARGETED_DEVICE_FAMILY = "1,2";
			};
			name = Release;
		};
/* End XCBuildConfiguration section */

/* Begin XCConfigurationList section */
		D10F000A2690D729004999B5 /* Build configuration list for PBXProject "SummerPracticeiOS2021" */ = {
			isa = XCConfigurationList;
			buildConfigurations = (
				D10F00212690D72A004999B5 /* Debug */,
				D10F00222690D72A004999B5 /* Release */,
			);
			defaultConfigurationIsVisible = 0;
			defaultConfigurationName = Release;
		};
		D10F00232690D72A004999B5 /* Build configuration list for PBXNativeTarget "SummerPracticeiOS2021" */ = {
			isa = XCConfigurationList;
			buildConfigurations = (
				D10F00242690D72A004999B5 /* Debug */,
				D10F00252690D72A004999B5 /* Release */,
			);
			defaultConfigurationIsVisible = 0;
			defaultConfigurationName = Release;
		};
/* End XCConfigurationList section */
	};
	rootObject = D10F00072690D729004999B5 /* Project object */;
}
